
Microsoft Visual Studio Solution File, Format Version 12.00
# Visual Studio 15
VisualStudioVersion = 15.0.28307.489
MinimumVisualStudioVersion = 10.0.40219.1
Project("{9A19103F-16F7-4668-BE54-9A1E7A4F7556}") = "Frends.Community.IFSAccessProvider", "Frends.Community.IFSAccessProvider\Frends.Community.IFSAccessProvider.csproj", "{3153FA6D-4085-4A4B-A4E5-66449ACD308B}"
EndProject
Project("{2150E333-8FDC-42A3-9474-1A3956D46DE8}") = "SolutionItems", "SolutionItems", "{A1E608F9-DF1F-4B99-AAAA-2A8C6A0DC3C4}"
	ProjectSection(SolutionItems) = preProject
		LICENSE = LICENSE
		README.md = README.md
	EndProjectSection
EndProject
Project("{9A19103F-16F7-4668-BE54-9A1E7A4F7556}") = "Frends.Community.IFSAccessProvider.Tests", "Frends.Community.IFSAccessProvider.Test\Frends.Community.IFSAccessProvider.Tests.csproj", "{5E0E1BBA-91B9-4944-8B19-2A8559400278}"
EndProject
Global
	GlobalSection(SolutionConfigurationPlatforms) = preSolution
		Debug|Any CPU = Debug|Any CPU
		Release|Any CPU = Release|Any CPU
	EndGlobalSection
	GlobalSection(ProjectConfigurationPlatforms) = postSolution
		{3153FA6D-4085-4A4B-A4E5-66449ACD308B}.Debug|Any CPU.ActiveCfg = Debug|Any CPU
		{3153FA6D-4085-4A4B-A4E5-66449ACD308B}.Debug|Any CPU.Build.0 = Debug|Any CPU
		{3153FA6D-4085-4A4B-A4E5-66449ACD308B}.Release|Any CPU.ActiveCfg = Release|Any CPU
		{3153FA6D-4085-4A4B-A4E5-66449ACD308B}.Release|Any CPU.Build.0 = Release|Any CPU
		{5E0E1BBA-91B9-4944-8B19-2A8559400278}.Debug|Any CPU.ActiveCfg = Debug|Any CPU
		{5E0E1BBA-91B9-4944-8B19-2A8559400278}.Debug|Any CPU.Build.0 = Debug|Any CPU
		{5E0E1BBA-91B9-4944-8B19-2A8559400278}.Release|Any CPU.ActiveCfg = Release|Any CPU
		{5E0E1BBA-91B9-4944-8B19-2A8559400278}.Release|Any CPU.Build.0 = Release|Any CPU
	EndGlobalSection
	GlobalSection(SolutionProperties) = preSolution
		HideSolutionNode = FALSE
	EndGlobalSection
	GlobalSection(ExtensibilityGlobals) = postSolution
		SolutionGuid = {D7182244-F6B2-4247-9DF3-1037005F0F7D}
	EndGlobalSection
EndGlobal
